
Microsoft Visual Studio Solution File, Format Version 11.00
# Visual Studio 2010
Project("{8BC9CEB8-8B4A-11D0-8D11-00A0C91BC942}") = "lista", "lista\lista.vcxproj", "{8CB69F4A-D4B0-4FDF-951F-37615241C0F8}"
EndProject
Project("{8BC9CEB8-8B4A-11D0-8D11-00A0C91BC942}") = "Documentos", "Documentos\Documentos.vcxproj", "{3B4D0F77-1F54-4314-B2FB-4F5A8B755300}"
EndProject
Project("{8BC9CEB8-8B4A-11D0-8D11-00A0C91BC942}") = "grafo", "grafo\grafo.vcxproj", "{9AB30F96-8D64-4481-AFA8-7E51AF08C8AE}"
	ProjectSection(ProjectDependencies) = postProject
		{7347B204-676F-4A63-8E1C-3894E791AF80} = {7347B204-676F-4A63-8E1C-3894E791AF80}
		{8CB69F4A-D4B0-4FDF-951F-37615241C0F8} = {8CB69F4A-D4B0-4FDF-951F-37615241C0F8}
	EndProjectSection
EndProject
Project("{8BC9CEB8-8B4A-11D0-8D11-00A0C91BC942}") = "mem_manager", "mem_manager\mem_manager.vcxproj", "{7347B204-676F-4A63-8E1C-3894E791AF80}"
EndProject
Project("{8BC9CEB8-8B4A-11D0-8D11-00A0C91BC942}") = "tabuleiro", "tabuleiro\tabuleiro.vcxproj", "{03FD8A32-E6CD-48A7-847F-CCDE90D4D747}"
	ProjectSection(ProjectDependencies) = postProject
		{7347B204-676F-4A63-8E1C-3894E791AF80} = {7347B204-676F-4A63-8E1C-3894E791AF80}
		{D1694107-AF12-4DE4-8DC0-D76341371516} = {D1694107-AF12-4DE4-8DC0-D76341371516}
		{8CB69F4A-D4B0-4FDF-951F-37615241C0F8} = {8CB69F4A-D4B0-4FDF-951F-37615241C0F8}
		{9AB30F96-8D64-4481-AFA8-7E51AF08C8AE} = {9AB30F96-8D64-4481-AFA8-7E51AF08C8AE}
	EndProjectSection
EndProject
Project("{8BC9CEB8-8B4A-11D0-8D11-00A0C91BC942}") = "input_string_parser", "input_string_parser\input_string_parser.vcxproj", "{E4003F3F-E97F-4DEB-822F-D28C48F83516}"
	ProjectSection(ProjectDependencies) = postProject
		{7347B204-676F-4A63-8E1C-3894E791AF80} = {7347B204-676F-4A63-8E1C-3894E791AF80}
		{03FD8A32-E6CD-48A7-847F-CCDE90D4D747} = {03FD8A32-E6CD-48A7-847F-CCDE90D4D747}
		{8CB69F4A-D4B0-4FDF-951F-37615241C0F8} = {8CB69F4A-D4B0-4FDF-951F-37615241C0F8}
	EndProjectSection
EndProject
Project("{8BC9CEB8-8B4A-11D0-8D11-00A0C91BC942}") = "principal", "principal\principal.vcxproj", "{FD9CA400-D5C3-4D52-AD72-16FFC8BA970D}"
EndProject
Project("{8BC9CEB8-8B4A-11D0-8D11-00A0C91BC942}") = "Partida", "Partida\Partida.vcxproj", "{A7E3BDB2-5AB6-499E-9EB2-F59E362C5E05}"
EndProject
Project("{8BC9CEB8-8B4A-11D0-8D11-00A0C91BC942}") = "direcao", "direcao\direcao.vcxproj", "{D1694107-AF12-4DE4-8DC0-D76341371516}"
EndProject
Project("{8BC9CEB8-8B4A-11D0-8D11-00A0C91BC942}") = "peca", "peca\peca.vcxproj", "{21ADD9CA-211C-4661-B4A6-B694AFD7B929}"
EndProject
Global
	GlobalSection(SolutionConfigurationPlatforms) = preSolution
		Debug|Win32 = Debug|Win32
		Release|Win32 = Release|Win32
	EndGlobalSection
	GlobalSection(ProjectConfigurationPlatforms) = postSolution
		{8CB69F4A-D4B0-4FDF-951F-37615241C0F8}.Debug|Win32.ActiveCfg = Debug|Win32
		{8CB69F4A-D4B0-4FDF-951F-37615241C0F8}.Debug|Win32.Build.0 = Debug|Win32
		{8CB69F4A-D4B0-4FDF-951F-37615241C0F8}.Release|Win32.ActiveCfg = Release|Win32
		{8CB69F4A-D4B0-4FDF-951F-37615241C0F8}.Release|Win32.Build.0 = Release|Win32
		{3B4D0F77-1F54-4314-B2FB-4F5A8B755300}.Debug|Win32.ActiveCfg = Debug|Win32
		{3B4D0F77-1F54-4314-B2FB-4F5A8B755300}.Debug|Win32.Build.0 = Debug|Win32
		{3B4D0F77-1F54-4314-B2FB-4F5A8B755300}.Release|Win32.ActiveCfg = Release|Win32
		{3B4D0F77-1F54-4314-B2FB-4F5A8B755300}.Release|Win32.Build.0 = Release|Win32
		{9AB30F96-8D64-4481-AFA8-7E51AF08C8AE}.Debug|Win32.ActiveCfg = Debug|Win32
		{9AB30F96-8D64-4481-AFA8-7E51AF08C8AE}.Debug|Win32.Build.0 = Debug|Win32
		{9AB30F96-8D64-4481-AFA8-7E51AF08C8AE}.Release|Win32.ActiveCfg = Release|Win32
		{9AB30F96-8D64-4481-AFA8-7E51AF08C8AE}.Release|Win32.Build.0 = Release|Win32
		{7347B204-676F-4A63-8E1C-3894E791AF80}.Debug|Win32.ActiveCfg = Debug|Win32
		{7347B204-676F-4A63-8E1C-3894E791AF80}.Debug|Win32.Build.0 = Debug|Win32
		{7347B204-676F-4A63-8E1C-3894E791AF80}.Release|Win32.ActiveCfg = Release|Win32
		{7347B204-676F-4A63-8E1C-3894E791AF80}.Release|Win32.Build.0 = Release|Win32
		{03FD8A32-E6CD-48A7-847F-CCDE90D4D747}.Debug|Win32.ActiveCfg = Debug|Win32
		{03FD8A32-E6CD-48A7-847F-CCDE90D4D747}.Debug|Win32.Build.0 = Debug|Win32
		{03FD8A32-E6CD-48A7-847F-CCDE90D4D747}.Release|Win32.ActiveCfg = Release|Win32
		{03FD8A32-E6CD-48A7-847F-CCDE90D4D747}.Release|Win32.Build.0 = Release|Win32
		{E4003F3F-E97F-4DEB-822F-D28C48F83516}.Debug|Win32.ActiveCfg = Debug|Win32
		{E4003F3F-E97F-4DEB-822F-D28C48F83516}.Debug|Win32.Build.0 = Debug|Win32
		{E4003F3F-E97F-4DEB-822F-D28C48F83516}.Release|Win32.ActiveCfg = Release|Win32
		{E4003F3F-E97F-4DEB-822F-D28C48F83516}.Release|Win32.Build.0 = Release|Win32
		{FD9CA400-D5C3-4D52-AD72-16FFC8BA970D}.Debug|Win32.ActiveCfg = Debug|Win32
		{FD9CA400-D5C3-4D52-AD72-16FFC8BA970D}.Debug|Win32.Build.0 = Debug|Win32
		{FD9CA400-D5C3-4D52-AD72-16FFC8BA970D}.Release|Win32.ActiveCfg = Release|Win32
		{FD9CA400-D5C3-4D52-AD72-16FFC8BA970D}.Release|Win32.Build.0 = Release|Win32
		{A7E3BDB2-5AB6-499E-9EB2-F59E362C5E05}.Debug|Win32.ActiveCfg = Debug|Win32
		{A7E3BDB2-5AB6-499E-9EB2-F59E362C5E05}.Debug|Win32.Build.0 = Debug|Win32
		{A7E3BDB2-5AB6-499E-9EB2-F59E362C5E05}.Release|Win32.ActiveCfg = Release|Win32
		{A7E3BDB2-5AB6-499E-9EB2-F59E362C5E05}.Release|Win32.Build.0 = Release|Win32
		{D1694107-AF12-4DE4-8DC0-D76341371516}.Debug|Win32.ActiveCfg = Debug|Win32
		{D1694107-AF12-4DE4-8DC0-D76341371516}.Debug|Win32.Build.0 = Debug|Win32
		{D1694107-AF12-4DE4-8DC0-D76341371516}.Release|Win32.ActiveCfg = Release|Win32
		{D1694107-AF12-4DE4-8DC0-D76341371516}.Release|Win32.Build.0 = Release|Win32
		{21ADD9CA-211C-4661-B4A6-B694AFD7B929}.Debug|Win32.ActiveCfg = Debug|Win32
		{21ADD9CA-211C-4661-B4A6-B694AFD7B929}.Debug|Win32.Build.0 = Debug|Win32
		{21ADD9CA-211C-4661-B4A6-B694AFD7B929}.Release|Win32.ActiveCfg = Release|Win32
		{21ADD9CA-211C-4661-B4A6-B694AFD7B929}.Release|Win32.Build.0 = Release|Win32
	EndGlobalSection
	GlobalSection(SolutionProperties) = preSolution
		HideSolutionNode = FALSE
	EndGlobalSection
EndGlobal
