
Microsoft Visual Studio Solution File, Format Version 11.00
# Visual Studio 2010
Project("{8BC9CEB8-8B4A-11D0-8D11-00A0C91BC942}") = "lista", "lista\lista.vcxproj", "{8CB69F4A-D4B0-4FDF-951F-37615241C0F8}"
EndProject
Project("{8BC9CEB8-8B4A-11D0-8D11-00A0C91BC942}") = "Documentos", "Documentos\Documentos.vcxproj", "{3B4D0F77-1F54-4314-B2FB-4F5A8B755300}"
EndProject
Project("{8BC9CEB8-8B4A-11D0-8D11-00A0C91BC942}") = "grafo", "grafo\grafo.vcxproj", "{9AB30F96-8D64-4481-AFA8-7E51AF08C8AE}"
	ProjectSection(ProjectDependencies) = postProject
		{7347B204-676F-4A63-8E1C-3894E791AF80} = {7347B204-676F-4A63-8E1C-3894E791AF80}
		{8CB69F4A-D4B0-4FDF-951F-37615241C0F8} = {8CB69F4A-D4B0-4FDF-951F-37615241C0F8}
	EndProjectSection
EndProject
Project("{8BC9CEB8-8B4A-11D0-8D11-00A0C91BC942}") = "mem_manager", "mem_manager\mem_manager.vcxproj", "{7347B204-676F-4A63-8E1C-3894E791AF80}"
EndProject
Project("{8BC9CEB8-8B4A-11D0-8D11-00A0C91BC942}") = "tabuleiro", "tabuleiro\tabuleiro.vcxproj", "{03FD8A32-E6CD-48A7-847F-CCDE90D4D747}"
EndProject
Global
	GlobalSection(SolutionConfigurationPlatforms) = preSolution
		Debug|Win32 = Debug|Win32
		Release|Win32 = Release|Win32
	EndGlobalSection
	GlobalSection(ProjectConfigurationPlatforms) = postSolution
		{8CB69F4A-D4B0-4FDF-951F-37615241C0F8}.Debug|Win32.ActiveCfg = Debug|Win32
		{8CB69F4A-D4B0-4FDF-951F-37615241C0F8}.Debug|Win32.Build.0 = Debug|Win32
		{8CB69F4A-D4B0-4FDF-951F-37615241C0F8}.Release|Win32.ActiveCfg = Release|Win32
		{8CB69F4A-D4B0-4FDF-951F-37615241C0F8}.Release|Win32.Build.0 = Release|Win32
		{3B4D0F77-1F54-4314-B2FB-4F5A8B755300}.Debug|Win32.ActiveCfg = Debug|Win32
		{3B4D0F77-1F54-4314-B2FB-4F5A8B755300}.Debug|Win32.Build.0 = Debug|Win32
		{3B4D0F77-1F54-4314-B2FB-4F5A8B755300}.Release|Win32.ActiveCfg = Release|Win32
		{3B4D0F77-1F54-4314-B2FB-4F5A8B755300}.Release|Win32.Build.0 = Release|Win32
		{9AB30F96-8D64-4481-AFA8-7E51AF08C8AE}.Debug|Win32.ActiveCfg = Debug|Win32
		{9AB30F96-8D64-4481-AFA8-7E51AF08C8AE}.Debug|Win32.Build.0 = Debug|Win32
		{9AB30F96-8D64-4481-AFA8-7E51AF08C8AE}.Release|Win32.ActiveCfg = Release|Win32
		{9AB30F96-8D64-4481-AFA8-7E51AF08C8AE}.Release|Win32.Build.0 = Release|Win32
		{7347B204-676F-4A63-8E1C-3894E791AF80}.Debug|Win32.ActiveCfg = Debug|Win32
		{7347B204-676F-4A63-8E1C-3894E791AF80}.Debug|Win32.Build.0 = Debug|Win32
		{7347B204-676F-4A63-8E1C-3894E791AF80}.Release|Win32.ActiveCfg = Release|Win32
		{7347B204-676F-4A63-8E1C-3894E791AF80}.Release|Win32.Build.0 = Release|Win32
		{03FD8A32-E6CD-48A7-847F-CCDE90D4D747}.Debug|Win32.ActiveCfg = Debug|Win32
		{03FD8A32-E6CD-48A7-847F-CCDE90D4D747}.Debug|Win32.Build.0 = Debug|Win32
		{03FD8A32-E6CD-48A7-847F-CCDE90D4D747}.Release|Win32.ActiveCfg = Release|Win32
		{03FD8A32-E6CD-48A7-847F-CCDE90D4D747}.Release|Win32.Build.0 = Release|Win32
	EndGlobalSection
	GlobalSection(SolutionProperties) = preSolution
		HideSolutionNode = FALSE
	EndGlobalSection
EndGlobal
